
Microsoft Visual Studio Solution File, Format Version 12.00
Project("{FAE04EC0-301F-11D3-BF4B-00C04F79EFBC}") = "WebServerObserver", "WebServerObserver\WebServerObserver.csproj", "{2083E252-E578-44E0-9828-189C581DD67B}"
EndProject
Project("{2150E333-8FDC-42A3-9474-1A3956D46DE8}") = "Solution Items", "Solution Items", "{7382E73E-0B1D-404F-AC98-D6EC35BA5F6A}"
	ProjectSection(SolutionItems) = preProject
		compose.yaml = compose.yaml
	EndProjectSection
EndProject
Global
	GlobalSection(SolutionConfigurationPlatforms) = preSolution
		Debug|Any CPU = Debug|Any CPU
		Release|Any CPU = Release|Any CPU
	EndGlobalSection
	GlobalSection(ProjectConfigurationPlatforms) = postSolution
		{2083E252-E578-44E0-9828-189C581DD67B}.Debug|Any CPU.ActiveCfg = Debug|Any CPU
		{2083E252-E578-44E0-9828-189C581DD67B}.Debug|Any CPU.Build.0 = Debug|Any CPU
		{2083E252-E578-44E0-9828-189C581DD67B}.Release|Any CPU.ActiveCfg = Release|Any CPU
		{2083E252-E578-44E0-9828-189C581DD67B}.Release|Any CPU.Build.0 = Release|Any CPU
	EndGlobalSection
EndGlobal
